{
  "nodes": {
    "catppuccin-hyprland": {
      "flake": false,
      "locked": {
        "lastModified": 1718784939,
        "narHash": "sha256-xSa/z0Pu+ioZ0gFH9qSo9P94NPkEMovstm1avJ7rvzM=",
        "owner": "catppuccin",
        "repo": "hyprland",
        "rev": "c388ac55563ddeea0afe9df79d4bfff0096b146b",
        "type": "github"
      },
      "original": {
        "owner": "catppuccin",
        "repo": "hyprland",
        "type": "github"
      }
    },
    "catppuccin-hyprlock": {
      "flake": false,
      "locked": {
        "lastModified": 1722963200,
        "narHash": "sha256-l4CbAUeb/Tg603QnZ/VWxuGqRBztpHN0HLX/h8ndc5w=",
        "owner": "catppuccin",
        "repo": "hyprlock",
        "rev": "958e70b1cd8799defd16dee070d07f977d4fd76b",
        "type": "github"
      },
      "original": {
        "owner": "catppuccin",
        "repo": "hyprlock",
        "type": "github"
      }
    },
    "flake-parts": {
      "inputs": {
        "nixpkgs-lib": [
          "nur",
          "nixpkgs"
        ]
      },
      "locked": {
        "lastModified": 1733312601,
        "narHash": "sha256-4pDvzqnegAfRkPwO3wmwBhVi/Sye1mzps0zHWYnP88c=",
        "owner": "hercules-ci",
        "repo": "flake-parts",
        "rev": "205b12d8b7cd4802fbcb8e8ef6a0f1408781a4f9",
        "type": "github"
      },
      "original": {
        "owner": "hercules-ci",
        "repo": "flake-parts",
        "type": "github"
      }
    },
    "home-manager": {
      "inputs": {
        "nixpkgs": [
          "nixpkgs"
        ]
      },
      "locked": {
        "lastModified": 1736373539,
        "narHash": "sha256-dinzAqCjenWDxuy+MqUQq0I4zUSfaCvN9rzuCmgMZJY=",
        "owner": "nix-community",
        "repo": "home-manager",
        "rev": "bd65bc3cde04c16755955630b344bc9e35272c56",
        "type": "github"
      },
      "original": {
        "owner": "nix-community",
        "ref": "release-24.11",
        "repo": "home-manager",
        "type": "github"
      }
    },
    "nixpkgs": {
      "locked": {
        "lastModified": 1738843498,
        "narHash": "sha256-7x+Q4xgFj9UxZZO9aUDCR8h4vyYut4zPUvfj3i+jBHE=",
        "owner": "nixos",
        "repo": "nixpkgs",
        "rev": "f5a32fa27df91dfc4b762671a0e0a859a8a0058f",
        "type": "github"
      },
      "original": {
        "owner": "nixos",
        "ref": "nixos-24.11",
        "repo": "nixpkgs",
        "type": "github"
      }
    },
    "nixpkgs-unstable": {
      "locked": {
        "lastModified": 1739020877,
        "narHash": "sha256-mIvECo/NNdJJ/bXjNqIh8yeoSjVLAuDuTUzAo7dzs8Y=",
        "owner": "nixos",
        "repo": "nixpkgs",
        "rev": "a79cfe0ebd24952b580b1cf08cd906354996d547",
        "type": "github"
      },
      "original": {
        "owner": "nixos",
        "ref": "nixos-unstable",
        "repo": "nixpkgs",
        "type": "github"
      }
    },
    "nur": {
      "inputs": {
        "flake-parts": "flake-parts",
        "nixpkgs": [
          "nixpkgs"
        ],
        "treefmt-nix": "treefmt-nix"
      },
      "locked": {
        "lastModified": 1739093679,
        "narHash": "sha256-z8A/D9ui7DmmC0FREDxVrQ+ddo+svPO26e+v+S20U5k=",
        "owner": "nix-community",
        "repo": "NUR",
        "rev": "f2b3ef2381c98de045f40867a327377636ae42b2",
        "type": "github"
      },
      "original": {
        "owner": "nix-community",
        "repo": "NUR",
        "type": "github"
      }
    },
    "root": {
      "inputs": {
        "catppuccin-hyprland": "catppuccin-hyprland",
        "catppuccin-hyprlock": "catppuccin-hyprlock",
        "home-manager": "home-manager",
        "nixpkgs": "nixpkgs",
        "nixpkgs-unstable": "nixpkgs-unstable",
        "nur": "nur",
        "sops-nix": "sops-nix"
      }
    },
    "sops-nix": {
      "inputs": {
        "nixpkgs": [
          "nixpkgs"
        ]
      },
      "locked": {
        "lastModified": 1738291974,
        "narHash": "sha256-wkwYJc8cKmmQWUloyS9KwttBnja2ONRuJQDEsmef320=",
        "owner": "Mic92",
        "repo": "sops-nix",
        "rev": "4c1251904d8a08c86ac6bc0d72cc09975e89aef7",
        "type": "github"
      },
      "original": {
        "owner": "Mic92",
        "repo": "sops-nix",
        "type": "github"
      }
    },
    "treefmt-nix": {
      "inputs": {
        "nixpkgs": [
          "nur",
          "nixpkgs"
        ]
      },
      "locked": {
        "lastModified": 1733222881,
        "narHash": "sha256-JIPcz1PrpXUCbaccEnrcUS8jjEb/1vJbZz5KkobyFdM=",
        "owner": "numtide",
        "repo": "treefmt-nix",
        "rev": "49717b5af6f80172275d47a418c9719a31a78b53",
        "type": "github"
      },
      "original": {
        "owner": "numtide",
        "repo": "treefmt-nix",
        "type": "github"
      }
    }
  },
  "root": "root",
  "version": 7
}
